<?xml version="1.0" encoding="utf-8"?>
<Project ToolsVersion="4.0" xmlns="http://schemas.microsoft.com/developer/msbuild/2003">
  <ItemGroup>
    <Filter Include="Guild">
      <UniqueIdentifier>{ba94c926-d979-4c20-b4a8-2d66fb815133}</UniqueIdentifier>
    </Filter>
    <Filter Include="Other">
      <UniqueIdentifier>{4FC737F1-C7A5-4376-A066-2A32D752A2FF}</UniqueIdentifier>
      <Extensions>cpp;c;cxx;def;odl;idl;hpj;bat;asm;asmx</Extensions>
    </Filter>
    <Filter Include="PictureResource">
      <UniqueIdentifier>{59280883-6df8-4420-9d5b-9f7c38f83236}</UniqueIdentifier>
    </Filter>
    <Filter Include="MapManagementUnit">
      <UniqueIdentifier>{7769d0f8-e819-473f-b3b9-5d5b29411f1d}</UniqueIdentifier>
    </Filter>
    <Filter Include="Entity">
      <UniqueIdentifier>{9cb8af5c-843d-4ffa-9cdf-3bc5d82d4535}</UniqueIdentifier>
    </Filter>
    <Filter Include="Entity\Other">
      <UniqueIdentifier>{94d27cc3-d0c4-4d97-aa20-e1af861b461b}</UniqueIdentifier>
    </Filter>
    <Filter Include="Entity\Roles">
      <UniqueIdentifier>{4dcce806-17c7-41f8-a8f7-253b648eee6b}</UniqueIdentifier>
    </Filter>
    <Filter Include="Entity\Roles\NPC">
      <UniqueIdentifier>{83010672-095c-4eb1-9625-45bf9274d655}</UniqueIdentifier>
    </Filter>
    <Filter Include="Entity\Roles\Eudemon">
      <UniqueIdentifier>{3e0bb2ee-c583-46e9-a6b9-9ada6ead4476}</UniqueIdentifier>
    </Filter>
    <Filter Include="Entity\Roles\Event Entity">
      <UniqueIdentifier>{c8ebc88f-992a-4434-a4b0-d65dcbaf6c24}</UniqueIdentifier>
    </Filter>
    <Filter Include="Entity\Base Class">
      <UniqueIdentifier>{bd774fd7-93fd-4276-80b9-277c2650969c}</UniqueIdentifier>
    </Filter>
    <Filter Include="Entity\Roles\Player">
      <UniqueIdentifier>{4e61c4ee-847e-42cf-8da8-3fc24b0a8637}</UniqueIdentifier>
    </Filter>
    <Filter Include="Entity\Roles\Behavior Control">
      <UniqueIdentifier>{65549a00-40b2-4ffd-8048-50bb3a1d5d13}</UniqueIdentifier>
    </Filter>
    <Filter Include="Entity\Roles\SuperCmd">
      <UniqueIdentifier>{77ccace3-2dce-4d2d-af6e-8bec5f49da13}</UniqueIdentifier>
    </Filter>
    <Filter Include="Entity\Props">
      <UniqueIdentifier>{f01a126e-54a6-4f57-a979-e0c57f464086}</UniqueIdentifier>
    </Filter>
    <Filter Include="ToolLibrary">
      <UniqueIdentifier>{a746e6af-f346-4562-be99-1423a186bbc1}</UniqueIdentifier>
    </Filter>
    <Filter Include="ToolLibrary\Math">
      <UniqueIdentifier>{a21eef6e-9727-4a58-875a-0efa1e8fcae7}</UniqueIdentifier>
    </Filter>
    <Filter Include="ToolLibrary\Other">
      <UniqueIdentifier>{23038529-0e21-4343-88cf-aafe128d1232}</UniqueIdentifier>
    </Filter>
    <Filter Include="AppFramework">
      <UniqueIdentifier>{6bc2da4f-04d0-4cdb-86d8-cf9dd4f97ae3}</UniqueIdentifier>
    </Filter>
    <Filter Include="AppFramework\EventHandling">
      <UniqueIdentifier>{2bffc817-e184-4bc5-8970-5a1bcff666fd}</UniqueIdentifier>
    </Filter>
    <Filter Include="AppFramework\ServerConfig">
      <UniqueIdentifier>{67DA6AB6-F800-4c08-8B7A-83BB121AAD01}</UniqueIdentifier>
      <Extensions>rc;ico;cur;bmp;dlg;rc2;rct;bin;rgs;gif;jpg;jpeg;jpe;resx</Extensions>
    </Filter>
    <Filter Include="Database">
      <UniqueIdentifier>{fbb9eb8c-a64d-47c9-88f6-27d2ccc47e25}</UniqueIdentifier>
    </Filter>
    <Filter Include="Bidding">
      <UniqueIdentifier>{95f3d3d9-b213-4c9c-8550-e14dbd587035}</UniqueIdentifier>
    </Filter>
    <Filter Include="SystemReport">
      <UniqueIdentifier>{a7de8378-d757-48bf-8ee1-8afc6995edc1}</UniqueIdentifier>
    </Filter>
    <Filter Include="Network2">
      <UniqueIdentifier>{ec390115-fcaf-4d7e-b35c-2b387dc48d24}</UniqueIdentifier>
    </Filter>
    <Filter Include="Network1">
      <UniqueIdentifier>{d3172770-6332-430d-81eb-f0c8f5e6011c}</UniqueIdentifier>
    </Filter>
    <Filter Include="Script System">
      <UniqueIdentifier>{dc8a8dd8-46a7-402d-b823-bd994ccab452}</UniqueIdentifier>
    </Filter>
    <Filter Include="Script System\Mission System">
      <UniqueIdentifier>{5ab260f3-7673-414f-8c5d-dec2f0d826d0}</UniqueIdentifier>
    </Filter>
  </ItemGroup>
  <ItemGroup>
    <ClInclude Include="..\src\Range.h">
      <Filter>ToolLibrary\Math</Filter>
    </ClInclude>
    <ClInclude Include="..\src\Identity.h">
      <Filter>ToolLibrary\Other</Filter>
    </ClInclude>
    <ClInclude Include="..\src\MsgQueue.h">
      <Filter>ToolLibrary\Other</Filter>
    </ClInclude>
    <ClInclude Include="..\src\Timer.h">
      <Filter>ToolLibrary\Other</Filter>
    </ClInclude>
    <ClInclude Include="..\src\Usage.h">
      <Filter>ToolLibrary\Other</Filter>
    </ClInclude>
    <ClInclude Include="..\src\xString.h">
      <Filter>ToolLibrary\Other</Filter>
    </ClInclude>
    <ClInclude Include="..\src\CharScript.h">
      <Filter>Script System</Filter>
    </ClInclude>
    <ClInclude Include="..\src\EntityScript.h">
      <Filter>Script System</Filter>
    </ClInclude>
    <ClInclude Include="..\src\Expand.h">
      <Filter>Script System</Filter>
    </ClInclude>
    <ClInclude Include="..\src\lua_gamectrl.h">
      <Filter>Script System</Filter>
    </ClInclude>
    <ClInclude Include="..\src\lua_gamectrl2.h">
      <Filter>Script System</Filter>
    </ClInclude>
    <ClInclude Include="..\src\NpcScript.h">
      <Filter>Script System</Filter>
    </ClInclude>
    <ClInclude Include="..\src\Parser.h">
      <Filter>Script System</Filter>
    </ClInclude>
    <ClInclude Include="..\src\Script.h">
      <Filter>Script System</Filter>
    </ClInclude>
    <ClInclude Include="..\src\CharBoat.h">
      <Filter>Script System\Mission System</Filter>
    </ClInclude>
    <ClInclude Include="..\src\CharForge.h">
      <Filter>Script System\Mission System</Filter>
    </ClInclude>
    <ClInclude Include="..\src\CharStall.h">
      <Filter>Script System\Mission System</Filter>
    </ClInclude>
    <ClInclude Include="..\src\CharTrade.h">
      <Filter>Script System\Mission System</Filter>
    </ClInclude>
    <ClInclude Include="..\src\MapTrigger.h">
      <Filter>Script System\Mission System</Filter>
    </ClInclude>
    <ClInclude Include="..\src\Mission.h">
      <Filter>Script System\Mission System</Filter>
    </ClInclude>
    <ClInclude Include="..\src\RoleData.h">
      <Filter>Script System\Mission System</Filter>
    </ClInclude>
    <ClInclude Include="..\src\GameDB.h">
      <Filter>Database</Filter>
    </ClInclude>
    <ClInclude Include="..\src\TradeLogDB.h">
      <Filter>Database</Filter>
    </ClInclude>
    <ClInclude Include="..\src\GameApp.h">
      <Filter>AppFramework</Filter>
    </ClInclude>
    <ClInclude Include="..\src\GameAppNet.h">
      <Filter>AppFramework</Filter>
    </ClInclude>
    <ClInclude Include="..\src\Config.h">
      <Filter>AppFramework\ServerConfig</Filter>
    </ClInclude>
    <ClInclude Include="..\src\EventHandler.h">
      <Filter>AppFramework\EventHandling</Filter>
    </ClInclude>
    <ClInclude Include="..\src\Weather.h">
      <Filter>AppFramework\EventHandling</Filter>
    </ClInclude>
    <ClInclude Include="..\src\Birthplace.h">
      <Filter>MapManagementUnit</Filter>
    </ClInclude>
    <ClInclude Include="..\src\EyeshotCell.h">
      <Filter>MapManagementUnit</Filter>
    </ClInclude>
    <ClInclude Include="..\src\FindPath.h">
      <Filter>MapManagementUnit</Filter>
    </ClInclude>
    <ClInclude Include="..\src\MapEntry.h">
      <Filter>MapManagementUnit</Filter>
    </ClInclude>
    <ClInclude Include="..\src\MapRes.h">
      <Filter>MapManagementUnit</Filter>
    </ClInclude>
    <ClInclude Include="..\src\StateCell.h">
      <Filter>MapManagementUnit</Filter>
    </ClInclude>
    <ClInclude Include="..\src\SubMap.h">
      <Filter>MapManagementUnit</Filter>
    </ClInclude>
    <ClInclude Include="..\src\Character.h">
      <Filter>Entity\Roles</Filter>
    </ClInclude>
    <ClInclude Include="..\src\Player.h">
      <Filter>Entity\Roles\Player</Filter>
    </ClInclude>
    <ClInclude Include="..\src\NPC.h">
      <Filter>Entity\Roles\NPC</Filter>
    </ClInclude>
    <ClInclude Include="..\src\Action.h">
      <Filter>Entity\Roles\Behavior Control</Filter>
    </ClInclude>
    <ClInclude Include="..\src\WorldEudemon.h">
      <Filter>Entity\Roles\Eudemon</Filter>
    </ClInclude>
    <ClInclude Include="..\src\EventEntity.h">
      <Filter>Entity\Roles\Event Entity</Filter>
    </ClInclude>
    <ClInclude Include="..\src\Item.h">
      <Filter>Entity\Props</Filter>
    </ClInclude>
    <ClInclude Include="..\src\HarmRec.h">
      <Filter>Entity\Other</Filter>
    </ClInclude>
    <ClInclude Include="..\src\SkillState.h">
      <Filter>Entity\Other</Filter>
    </ClInclude>
    <ClInclude Include="..\src\SkillTemp.h">
      <Filter>Entity\Other</Filter>
    </ClInclude>
    <ClInclude Include="..\src\Attachable.h">
      <Filter>Entity\Base Class</Filter>
    </ClInclude>
    <ClInclude Include="..\src\AttachManage.h">
      <Filter>Entity\Base Class</Filter>
    </ClInclude>
    <ClInclude Include="..\src\Entity.h">
      <Filter>Entity\Base Class</Filter>
    </ClInclude>
    <ClInclude Include="..\src\EntityAlloc.h">
      <Filter>Entity\Base Class</Filter>
    </ClInclude>
    <ClInclude Include="..\src\EntitySpawn.h">
      <Filter>Entity\Base Class</Filter>
    </ClInclude>
    <ClInclude Include="..\src\Event.h">
      <Filter>Entity\Base Class</Filter>
    </ClInclude>
    <ClInclude Include="..\src\FightAble.h">
      <Filter>Entity\Base Class</Filter>
    </ClInclude>
    <ClInclude Include="..\src\MoveAble.h">
      <Filter>Entity\Base Class</Filter>
    </ClInclude>
    <ClInclude Include="..\src\SystemDialog.h">
      <Filter>SystemReport</Filter>
    </ClInclude>
    <ClInclude Include="..\src\CallStack.h">
      <Filter>Other</Filter>
    </ClInclude>
    <ClInclude Include="resource.h">
      <Filter>Other</Filter>
    </ClInclude>
    <ClInclude Include="..\src\StackWalker.h">
      <Filter>Other</Filter>
    </ClInclude>
    <ClInclude Include="..\src\stdafx.h">
      <Filter>Other</Filter>
    </ClInclude>
    <ClInclude Include="..\src\GameServerApp.h">
      <Filter>Network1</Filter>
    </ClInclude>
    <ClInclude Include="..\src\cfl_iocp.h">
      <Filter>Network2</Filter>
    </ClInclude>
    <ClInclude Include="..\src\cfl_lock.h">
      <Filter>Network2</Filter>
    </ClInclude>
    <ClInclude Include="..\src\cfl_mempool.h">
      <Filter>Network2</Filter>
    </ClInclude>
    <ClInclude Include="..\src\cfl_pkt.h">
      <Filter>Network2</Filter>
    </ClInclude>
    <ClInclude Include="..\src\gmsvr.h">
      <Filter>Network2</Filter>
    </ClInclude>
    <ClInclude Include="..\src\gtplayer.h">
      <Filter>Network2</Filter>
    </ClInclude>
    <ClInclude Include="..\src\Guild.h">
      <Filter>Guild</Filter>
    </ClInclude>
    <ClInclude Include="..\src\PicSet.h">
      <Filter>PictureResource</Filter>
    </ClInclude>
    <ClInclude Include="..\src\Picture.h">
      <Filter>PictureResource</Filter>
    </ClInclude>
    <ClInclude Include="..\src\Auction.h">
      <Filter>Bidding</Filter>
    </ClInclude>
    <ClInclude Include="..\src\AuctionItem.h">
      <Filter>Bidding</Filter>
    </ClInclude>
  </ItemGroup>
  <ItemGroup>
    <ClCompile Include="..\src\xString.cpp">
      <Filter>ToolLibrary\Other</Filter>
    </ClCompile>
    <ClCompile Include="..\src\CharScript.cpp">
      <Filter>Script System</Filter>
    </ClCompile>
    <ClCompile Include="..\src\EntityScript.cpp">
      <Filter>Script System</Filter>
    </ClCompile>
    <ClCompile Include="..\src\lua_gamectrl.cpp">
      <Filter>Script System</Filter>
    </ClCompile>
    <ClCompile Include="..\src\NpcScript.cpp">
      <Filter>Script System</Filter>
    </ClCompile>
    <ClCompile Include="..\src\Parser.cpp">
      <Filter>Script System</Filter>
    </ClCompile>
    <ClCompile Include="..\src\Script.cpp">
      <Filter>Script System</Filter>
    </ClCompile>
    <ClCompile Include="..\src\CharBoat.cpp">
      <Filter>Script System\Mission System</Filter>
    </ClCompile>
    <ClCompile Include="..\src\CharForge.cpp">
      <Filter>Script System\Mission System</Filter>
    </ClCompile>
    <ClCompile Include="..\src\CharStall.cpp">
      <Filter>Script System\Mission System</Filter>
    </ClCompile>
    <ClCompile Include="..\src\CharTrade.cpp">
      <Filter>Script System\Mission System</Filter>
    </ClCompile>
    <ClCompile Include="..\src\MapTrigger.cpp">
      <Filter>Script System\Mission System</Filter>
    </ClCompile>
    <ClCompile Include="..\src\Mission.cpp">
      <Filter>Script System\Mission System</Filter>
    </ClCompile>
    <ClCompile Include="..\src\GameDB.cpp">
      <Filter>Database</Filter>
    </ClCompile>
    <ClCompile Include="..\src\TradeLogDB.cpp">
      <Filter>Database</Filter>
    </ClCompile>
    <ClCompile Include="..\src\GameApp.cpp">
      <Filter>AppFramework</Filter>
    </ClCompile>
    <ClCompile Include="..\src\GameAppNet.cpp">
      <Filter>AppFramework</Filter>
    </ClCompile>
    <ClCompile Include="..\src\GameSMain.cpp">
      <Filter>AppFramework</Filter>
    </ClCompile>
    <ClCompile Include="..\src\Config.cpp">
      <Filter>AppFramework\ServerConfig</Filter>
    </ClCompile>
    <ClCompile Include="..\src\EventCalculate.cpp">
      <Filter>AppFramework\EventHandling</Filter>
    </ClCompile>
    <ClCompile Include="..\src\EventHandler.cpp">
      <Filter>AppFramework\EventHandling</Filter>
    </ClCompile>
    <ClCompile Include="..\src\Weather.cpp">
      <Filter>AppFramework\EventHandling</Filter>
    </ClCompile>
    <ClCompile Include="..\src\Birthplace.cpp">
      <Filter>MapManagementUnit</Filter>
    </ClCompile>
    <ClCompile Include="..\src\EyeshotCell.cpp">
      <Filter>MapManagementUnit</Filter>
    </ClCompile>
    <ClCompile Include="..\src\FindPath.cpp">
      <Filter>MapManagementUnit</Filter>
    </ClCompile>
    <ClCompile Include="..\src\MapEntry.cpp">
      <Filter>MapManagementUnit</Filter>
    </ClCompile>
    <ClCompile Include="..\src\MapRes.cpp">
      <Filter>MapManagementUnit</Filter>
    </ClCompile>
    <ClCompile Include="..\src\StateCell.cpp">
      <Filter>MapManagementUnit</Filter>
    </ClCompile>
    <ClCompile Include="..\src\SubMap.cpp">
      <Filter>MapManagementUnit</Filter>
    </ClCompile>
    <ClCompile Include="..\src\Character.cpp">
      <Filter>Entity\Roles</Filter>
    </ClCompile>
    <ClCompile Include="..\src\CharacterAI.cpp">
      <Filter>Entity\Roles</Filter>
    </ClCompile>
    <ClCompile Include="..\src\CharacterAIState.cpp">
      <Filter>Entity\Roles</Filter>
    </ClCompile>
    <ClCompile Include="..\src\CharacterCmd.cpp">
      <Filter>Entity\Roles</Filter>
    </ClCompile>
    <ClCompile Include="..\src\CharacterPacket.cpp">
      <Filter>Entity\Roles</Filter>
    </ClCompile>
    <ClCompile Include="..\src\CharacterPrl.cpp">
      <Filter>Entity\Roles</Filter>
    </ClCompile>
    <ClCompile Include="..\src\CharacterRun.cpp">
      <Filter>Entity\Roles</Filter>
    </ClCompile>
    <ClCompile Include="..\src\Player.cpp">
      <Filter>Entity\Roles\Player</Filter>
    </ClCompile>
    <ClCompile Include="..\src\NPC.cpp">
      <Filter>Entity\Roles\NPC</Filter>
    </ClCompile>
    <ClCompile Include="..\src\Action.cpp">
      <Filter>Entity\Roles\Behavior Control</Filter>
    </ClCompile>
    <ClCompile Include="..\src\WorldEudemon.cpp">
      <Filter>Entity\Roles\Eudemon</Filter>
    </ClCompile>
    <ClCompile Include="..\src\CharacterSuperCmd.cpp">
      <Filter>Entity\Roles\SuperCmd</Filter>
    </ClCompile>
    <ClCompile Include="..\src\EventEntity.cpp">
      <Filter>Entity\Roles\Event Entity</Filter>
    </ClCompile>
    <ClCompile Include="..\src\Item.cpp">
      <Filter>Entity\Props</Filter>
    </ClCompile>
    <ClCompile Include="..\src\HarmRec.cpp">
      <Filter>Entity\Other</Filter>
    </ClCompile>
    <ClCompile Include="..\src\Attachable.cpp">
      <Filter>Entity\Base Class</Filter>
    </ClCompile>
    <ClCompile Include="..\src\AttachManage.cpp">
      <Filter>Entity\Base Class</Filter>
    </ClCompile>
    <ClCompile Include="..\src\Entity.cpp">
      <Filter>Entity\Base Class</Filter>
    </ClCompile>
    <ClCompile Include="..\src\EntityAlloc.cpp">
      <Filter>Entity\Base Class</Filter>
    </ClCompile>
    <ClCompile Include="..\src\EntitySpawn.cpp">
      <Filter>Entity\Base Class</Filter>
    </ClCompile>
    <ClCompile Include="..\src\FightAble.cpp">
      <Filter>Entity\Base Class</Filter>
    </ClCompile>
    <ClCompile Include="..\src\MoveAble.cpp">
      <Filter>Entity\Base Class</Filter>
    </ClCompile>
    <ClCompile Include="..\src\SystemDialog.cpp">
      <Filter>SystemReport</Filter>
    </ClCompile>
    <ClCompile Include="..\src\StackWalker.cpp">
      <Filter>Other</Filter>
    </ClCompile>
    <ClCompile Include="..\src\stdafx.cpp">
      <Filter>Other</Filter>
    </ClCompile>
    <ClCompile Include="..\src\GameServerApp.cpp">
      <Filter>Network1</Filter>
    </ClCompile>
    <ClCompile Include="..\src\cfl_iocp.cpp">
      <Filter>Network2</Filter>
    </ClCompile>
    <ClCompile Include="..\src\cfl_lock.cpp">
      <Filter>Network2</Filter>
    </ClCompile>
    <ClCompile Include="..\src\gmsvr.cpp">
      <Filter>Network2</Filter>
    </ClCompile>
    <ClCompile Include="..\src\Guild.cpp">
      <Filter>Guild</Filter>
    </ClCompile>
    <ClCompile Include="..\src\PicSet.cpp">
      <Filter>PictureResource</Filter>
    </ClCompile>
    <ClCompile Include="..\src\Picture.cpp">
      <Filter>PictureResource</Filter>
    </ClCompile>
    <ClCompile Include="..\src\Auction.cpp">
      <Filter>Bidding</Filter>
    </ClCompile>
    <ClCompile Include="..\src\AuctionItem.cpp">
      <Filter>Bidding</Filter>
    </ClCompile>
  </ItemGroup>
  <ItemGroup>
    <ResourceCompile Include="GameServer.rc">
      <Filter>Other</Filter>
    </ResourceCompile>
  </ItemGroup>
  <ItemGroup>
    <Text Include="ReadMe.txt">
      <Filter>Other</Filter>
    </Text>
  </ItemGroup>
</Project>