<?xml version="1.0" encoding="utf-8"?>
<Project ToolsVersion="4.0" xmlns="http://schemas.microsoft.com/developer/msbuild/2003">
  <ItemGroup>
    <Filter Include="Application Layer">
      <UniqueIdentifier>{e533b565-9110-44ef-9ee1-4c8ce2452eff}</UniqueIdentifier>
    </Filter>
    <Filter Include="Network Layer">
      <UniqueIdentifier>{8dbe35b9-cf06-4db9-a335-8eb572c9e03c}</UniqueIdentifier>
    </Filter>
  </ItemGroup>
  <ItemGroup>
    <ClCompile Include="..\src\UdpSocket.cpp">
      <Filter>Network Layer</Filter>
    </ClCompile>
    <ClCompile Include="..\src\UdpClient.cpp">
      <Filter>Application Layer</Filter>
    </ClCompile>
    <ClCompile Include="..\src\UdpManage.cpp">
      <Filter>Application Layer</Filter>
    </ClCompile>
  </ItemGroup>
  <ItemGroup>
    <ClInclude Include="..\include\UdpSocket.h">
      <Filter>Network Layer</Filter>
    </ClInclude>
    <ClInclude Include="..\include\UdpClient.h">
      <Filter>Application Layer</Filter>
    </ClInclude>
    <ClInclude Include="..\include\UdpManage.h">
      <Filter>Application Layer</Filter>
    </ClInclude>
  </ItemGroup>
</Project>