<?xml version="1.0" encoding="utf-8"?>
<Project ToolsVersion="4.0" xmlns="http://schemas.microsoft.com/developer/msbuild/2003">
  <ItemGroup>
    <Filter Include="Source Files">
      <UniqueIdentifier>{4FC737F1-C7A5-4376-A066-2A32D752A2FF}</UniqueIdentifier>
      <Extensions>cpp;c;cxx;def;odl;idl;hpj;bat;asm;asmx</Extensions>
    </Filter>
    <Filter Include="Source Files\liblgu">
      <UniqueIdentifier>{9ca38d25-e89b-4026-b5fb-ddc09db787c9}</UniqueIdentifier>
    </Filter>
    <Filter Include="Header Files">
      <UniqueIdentifier>{93995380-89BD-4b04-88EB-625FBE52EBFB}</UniqueIdentifier>
      <Extensions>h;hpp;hxx;hm;inl;inc;xsd</Extensions>
    </Filter>
    <Filter Include="Header Files\liblgu">
      <UniqueIdentifier>{b5facdf4-30e6-4663-a2d2-44a7bd3a99d0}</UniqueIdentifier>
    </Filter>
    <Filter Include="Resource Files">
      <UniqueIdentifier>{67DA6AB6-F800-4c08-8B7A-83BB121AAD01}</UniqueIdentifier>
      <Extensions>rc;ico;cur;bmp;dlg;rc2;rct;bin;rgs;gif;jpg;jpeg;jpe;resx</Extensions>
    </Filter>
  </ItemGroup>
  <ItemGroup>
    <ClCompile Include="GplTypeData.cpp">
      <Filter>Source Files</Filter>
    </ClCompile>
    <ClCompile Include="GplViewDlg.cpp">
      <Filter>Source Files</Filter>
    </ClCompile>
    <ClCompile Include="LogTypeData.cpp">
      <Filter>Source Files</Filter>
    </ClCompile>
    <ClCompile Include="Logvwr.cpp">
      <Filter>Source Files</Filter>
    </ClCompile>
    <ClCompile Include="LogvwrDlg.cpp">
      <Filter>Source Files</Filter>
    </ClCompile>
    <ClCompile Include="stdafx.cpp">
      <Filter>Source Files</Filter>
    </ClCompile>
    <ClCompile Include="TestLog.cpp">
      <Filter>Source Files</Filter>
    </ClCompile>
    <ClCompile Include="..\src\log.cpp">
      <Filter>Source Files\liblgu</Filter>
    </ClCompile>
    <ClCompile Include="..\src\logutil.cpp">
      <Filter>Source Files\liblgu</Filter>
    </ClCompile>
    <ClCompile Include="..\src\packet.cpp">
      <Filter>Source Files\liblgu</Filter>
    </ClCompile>
    <ClCompile Include="..\src\util2.cpp">
      <Filter>Source Files\liblgu</Filter>
    </ClCompile>
  </ItemGroup>
  <ItemGroup>
    <ClInclude Include="GplTypeData.h">
      <Filter>Header Files</Filter>
    </ClInclude>
    <ClInclude Include="GplViewDlg.h">
      <Filter>Header Files</Filter>
    </ClInclude>
    <ClInclude Include="LogTypeData.h">
      <Filter>Header Files</Filter>
    </ClInclude>
    <ClInclude Include="Logvwr.h">
      <Filter>Header Files</Filter>
    </ClInclude>
    <ClInclude Include="LogvwrDlg.h">
      <Filter>Header Files</Filter>
    </ClInclude>
    <ClInclude Include="Resource.h">
      <Filter>Header Files</Filter>
    </ClInclude>
    <ClInclude Include="stdafx.h">
      <Filter>Header Files</Filter>
    </ClInclude>
    <ClInclude Include="TestLog.h">
      <Filter>Header Files</Filter>
    </ClInclude>
    <ClInclude Include="..\src\log.h">
      <Filter>Header Files\liblgu</Filter>
    </ClInclude>
    <ClInclude Include="..\src\logutil.h">
      <Filter>Header Files\liblgu</Filter>
    </ClInclude>
    <ClInclude Include="..\src\packet.h">
      <Filter>Header Files\liblgu</Filter>
    </ClInclude>
    <ClInclude Include="..\src\util2.h">
      <Filter>Header Files\liblgu</Filter>
    </ClInclude>
  </ItemGroup>
  <ItemGroup>
    <Image Include="res\Logvwr.ico">
      <Filter>Resource Files</Filter>
    </Image>
  </ItemGroup>
  <ItemGroup>
    <ResourceCompile Include="Logvwr.rc">
      <Filter>Resource Files</Filter>
    </ResourceCompile>
  </ItemGroup>
  <ItemGroup>
    <None Include="res\Logvwr.rc2">
      <Filter>Resource Files</Filter>
    </None>
  </ItemGroup>
  <ItemGroup>
    <Manifest Include="res\Logvwr.manifest" />
  </ItemGroup>
  <ItemGroup>
    <Text Include="ReadMe.txt" />
  </ItemGroup>
</Project>